{
  "version": 4,
  "terraform_version": "1.3.9",
  "serial": 16,
  "lineage": "dc58dc73-49c3-0631-93e1-d47f90bc9222",
  "outputs": {},
  "resources": [
    {
      "mode": "managed",
      "type": "azurerm_linux_virtual_machine",
      "name": "apache",
      "provider": "provider[\"registry.terraform.io/hashicorp/azurerm\"]",
      "instances": [
        {
          "status": "tainted",
          "schema_version": 0,
          "attributes": {
            "additional_capabilities": [],
            "admin_password": null,
            "admin_ssh_key": [
              {
                "public_key": "ssh-rsa AAAAB3NzaC1yc2EAAAADAQABAAABgQDtAYalarjZTKwlWjwyBB1YC5a7rkFrDIwuDDSnSbU0IZgt1cKDxA1wrW6g7RuloHsLVvGg0PmCVXaV98RXeBAEtpWmGHUdx8tuGS6KajbNWyzHAtMLkpGVK9Znf6WqSq+aFVCmMXxWHKI42LlhNfClbamFMADDQMtf/XYc0gLLYF2j/KHGc6nhnpCkv05nCD0W2Rf9dY4f1d8ixgBwix1HalzuqqieyQPBn+LBBZ3uTEMu0Rj7eAusDLCkG5KVXWc+8k/7eWCSk48XCIicLlj5ZLC0J7ldJVT0cq1f05sjgYVCZasry3bUdXLr7JtDIrcVwZ9OQQAV9ee696KdCDhPRzy2/+g3EprWIAWCjhy4mhPG4amp/1Z2lDoqJRFdWhh+bskautQxC3w8sVgCjmHOHeTt4NnI7oz/qMvRc9O5JZbGc0ph2ZqAr/riwTcSvdpVdfSk5+ig8c+xf/ZpJJW8/vKyvsgM6sjV6+KT9CBIITJd1GoMvDwM5U10aPKloqk= rupa anand@DESKTOP-AH053DV\r\n",
                "username": "RUPA_ANAND"
              }
            ],
            "admin_username": "RUPA_ANAND",
            "allow_extension_operations": true,
            "availability_set_id": "",
            "boot_diagnostics": [],
            "capacity_reservation_group_id": "",
            "computer_name": "apache",
            "custom_data": "IyEvYmluL2Jhc2gKc3VkbyBhcHQgdXBkYXRlCnN1ZG8gYXB0IGluc3RhbGwgYXBhY2hlMiAteQ==",
            "dedicated_host_group_id": "",
            "dedicated_host_id": "",
            "disable_password_authentication": true,
            "edge_zone": "",
            "encryption_at_host_enabled": false,
            "eviction_policy": "",
            "extensions_time_budget": "PT1H30M",
            "gallery_application": [],
            "id": "/subscriptions/70c1f3b6-512c-47a8-98f6-51f8f26a912e/resourceGroups/ntier_rg/providers/Microsoft.Compute/virtualMachines/apache",
            "identity": [],
            "license_type": "",
            "location": "eastus",
            "max_bid_price": -1,
            "name": "apache",
            "network_interface_ids": [
              "/subscriptions/70c1f3b6-512c-47a8-98f6-51f8f26a912e/resourceGroups/ntier_rg/providers/Microsoft.Network/networkInterfaces/wepnic"
            ],
            "os_disk": [
              {
                "caching": "ReadWrite",
                "diff_disk_settings": [],
                "disk_encryption_set_id": "",
                "disk_size_gb": 30,
                "name": "apache_OsDisk_1_6b8b705589b64f919112ec8a36b047bc",
                "secure_vm_disk_encryption_set_id": "",
                "security_encryption_type": "",
                "storage_account_type": "Standard_LRS",
                "write_accelerator_enabled": false
              }
            ],
            "patch_assessment_mode": "ImageDefault",
            "patch_mode": "ImageDefault",
            "plan": [],
            "platform_fault_domain": -1,
            "priority": "Regular",
            "private_ip_address": "192.168.0.4",
            "private_ip_addresses": [
              "192.168.0.4"
            ],
            "provision_vm_agent": true,
            "proximity_placement_group_id": "",
            "public_ip_address": "20.127.36.29",
            "public_ip_addresses": [
              "20.127.36.29"
            ],
            "resource_group_name": "ntier_rg",
            "secret": [],
            "secure_boot_enabled": false,
            "size": "Standard_B1s",
            "source_image_id": "",
            "source_image_reference": [
              {
                "offer": "0001-com-ubuntu-server-focal",
                "publisher": "Canonical",
                "sku": "20_04-lts-gen2",
                "version": "latest"
              }
            ],
            "tags": null,
            "termination_notification": null,
            "timeouts": null,
            "user_data": "",
            "virtual_machine_id": "06482950-07de-44aa-bb22-41087554c23c",
            "virtual_machine_scale_set_id": "",
            "vtpm_enabled": false,
            "zone": ""
          },
          "sensitive_attributes": [],
          "private": "eyJlMmJmYjczMC1lY2FhLTExZTYtOGY4OC0zNDM2M2JjN2M0YzAiOnsiY3JlYXRlIjoyNzAwMDAwMDAwMDAwLCJkZWxldGUiOjI3MDAwMDAwMDAwMDAsInJlYWQiOjMwMDAwMDAwMDAwMCwidXBkYXRlIjoyNzAwMDAwMDAwMDAwfX0=",
          "dependencies": [
            "azurerm_network_interface.web_nic",
            "azurerm_resource_group.resource_group"
          ]
        }
      ]
    },
    {
      "mode": "managed",
      "type": "azurerm_network_interface",
      "name": "web_nic",
      "provider": "provider[\"registry.terraform.io/hashicorp/azurerm\"]",
      "instances": [
        {
          "schema_version": 0,
          "attributes": {
            "applied_dns_servers": [],
            "dns_servers": [],
            "edge_zone": "",
            "enable_accelerated_networking": false,
            "enable_ip_forwarding": false,
            "id": "/subscriptions/70c1f3b6-512c-47a8-98f6-51f8f26a912e/resourceGroups/ntier_rg/providers/Microsoft.Network/networkInterfaces/wepnic",
            "internal_dns_name_label": "",
            "internal_domain_name_suffix": "j10ajendjl1uzligepdyqrksvh.bx.internal.cloudapp.net",
            "ip_configuration": [
              {
                "gateway_load_balancer_frontend_ip_configuration_id": "",
                "name": "webserverip",
                "primary": true,
                "private_ip_address": "192.168.0.4",
                "private_ip_address_allocation": "Dynamic",
                "private_ip_address_version": "IPv4",
                "public_ip_address_id": "/subscriptions/70c1f3b6-512c-47a8-98f6-51f8f26a912e/resourceGroups/ntier_rg/providers/Microsoft.Network/publicIPAddresses/pub_ip",
                "subnet_id": "/subscriptions/70c1f3b6-512c-47a8-98f6-51f8f26a912e/resourceGroups/ntier_rg/providers/Microsoft.Network/virtualNetworks/ntier_vnet/subnets/app"
              }
            ],
            "location": "eastus",
            "mac_address": "00-0D-3A-1A-92-A7",
            "name": "wepnic",
            "private_ip_address": "192.168.0.4",
            "private_ip_addresses": [
              "192.168.0.4"
            ],
            "resource_group_name": "ntier_rg",
            "tags": {},
            "timeouts": null,
            "virtual_machine_id": "/subscriptions/70c1f3b6-512c-47a8-98f6-51f8f26a912e/resourceGroups/ntier_rg/providers/Microsoft.Compute/virtualMachines/apache"
          },
          "sensitive_attributes": [],
          "private": "eyJlMmJmYjczMC1lY2FhLTExZTYtOGY4OC0zNDM2M2JjN2M0YzAiOnsiY3JlYXRlIjoxODAwMDAwMDAwMDAwLCJkZWxldGUiOjE4MDAwMDAwMDAwMDAsInJlYWQiOjMwMDAwMDAwMDAwMCwidXBkYXRlIjoxODAwMDAwMDAwMDAwfX0=",
          "dependencies": [
            "azurerm_public_ip.publicIP",
            "azurerm_resource_group.resource_group",
            "azurerm_subnet.subnets",
            "azurerm_virtual_network.vnet"
          ]
        }
      ]
    },
    {
      "mode": "managed",
      "type": "azurerm_network_interface_security_group_association",
      "name": "apachenisg",
      "provider": "provider[\"registry.terraform.io/hashicorp/azurerm\"]",
      "instances": [
        {
          "schema_version": 0,
          "attributes": {
            "id": "/subscriptions/70c1f3b6-512c-47a8-98f6-51f8f26a912e/resourceGroups/ntier_rg/providers/Microsoft.Network/networkInterfaces/wepnic|/subscriptions/70c1f3b6-512c-47a8-98f6-51f8f26a912e/resourceGroups/ntier_rg/providers/Microsoft.Network/networkSecurityGroups/openall",
            "network_interface_id": "/subscriptions/70c1f3b6-512c-47a8-98f6-51f8f26a912e/resourceGroups/ntier_rg/providers/Microsoft.Network/networkInterfaces/wepnic",
            "network_security_group_id": "/subscriptions/70c1f3b6-512c-47a8-98f6-51f8f26a912e/resourceGroups/ntier_rg/providers/Microsoft.Network/networkSecurityGroups/openall",
            "timeouts": null
          },
          "sensitive_attributes": [],
          "private": "eyJlMmJmYjczMC1lY2FhLTExZTYtOGY4OC0zNDM2M2JjN2M0YzAiOnsiY3JlYXRlIjoxODAwMDAwMDAwMDAwLCJkZWxldGUiOjE4MDAwMDAwMDAwMDAsInJlYWQiOjMwMDAwMDAwMDAwMCwidXBkYXRlIjoxODAwMDAwMDAwMDAwfX0=",
          "dependencies": [
            "azurerm_network_interface.web_nic",
            "azurerm_network_security_group.openall",
            "azurerm_public_ip.publicIP",
            "azurerm_resource_group.resource_group",
            "azurerm_subnet.subnets",
            "azurerm_virtual_network.vnet"
          ]
        }
      ]
    },
    {
      "mode": "managed",
      "type": "azurerm_network_security_group",
      "name": "openall",
      "provider": "provider[\"registry.terraform.io/hashicorp/azurerm\"]",
      "instances": [
        {
          "schema_version": 0,
          "attributes": {
            "id": "/subscriptions/70c1f3b6-512c-47a8-98f6-51f8f26a912e/resourceGroups/ntier_rg/providers/Microsoft.Network/networkSecurityGroups/openall",
            "location": "eastus",
            "name": "openall",
            "resource_group_name": "ntier_rg",
            "security_rule": [
              {
                "access": "Allow",
                "description": "",
                "destination_address_prefix": "*",
                "destination_address_prefixes": [],
                "destination_application_security_group_ids": [],
                "destination_port_range": "*",
                "destination_port_ranges": [],
                "direction": "Inbound",
                "name": "SSH",
                "priority": 100,
                "protocol": "Tcp",
                "source_address_prefix": "*",
                "source_address_prefixes": [],
                "source_application_security_group_ids": [],
                "source_port_range": "*",
                "source_port_ranges": []
              }
            ],
            "tags": {},
            "timeouts": null
          },
          "sensitive_attributes": [],
          "private": "eyJlMmJmYjczMC1lY2FhLTExZTYtOGY4OC0zNDM2M2JjN2M0YzAiOnsiY3JlYXRlIjoxODAwMDAwMDAwMDAwLCJkZWxldGUiOjE4MDAwMDAwMDAwMDAsInJlYWQiOjMwMDAwMDAwMDAwMCwidXBkYXRlIjoxODAwMDAwMDAwMDAwfX0=",
          "dependencies": [
            "azurerm_resource_group.resource_group"
          ]
        }
      ]
    },
    {
      "mode": "managed",
      "type": "azurerm_public_ip",
      "name": "publicIP",
      "provider": "provider[\"registry.terraform.io/hashicorp/azurerm\"]",
      "instances": [
        {
          "schema_version": 0,
          "attributes": {
            "allocation_method": "Static",
            "ddos_protection_mode": "VirtualNetworkInherited",
            "ddos_protection_plan_id": null,
            "domain_name_label": null,
            "edge_zone": "",
            "fqdn": null,
            "id": "/subscriptions/70c1f3b6-512c-47a8-98f6-51f8f26a912e/resourceGroups/ntier_rg/providers/Microsoft.Network/publicIPAddresses/pub_ip",
            "idle_timeout_in_minutes": 4,
            "ip_address": "20.127.36.29",
            "ip_tags": {},
            "ip_version": "IPv4",
            "location": "eastus",
            "name": "pub_ip",
            "public_ip_prefix_id": null,
            "resource_group_name": "ntier_rg",
            "reverse_fqdn": null,
            "sku": "Basic",
            "sku_tier": "Regional",
            "tags": {},
            "timeouts": null,
            "zones": []
          },
          "sensitive_attributes": [],
          "private": "eyJlMmJmYjczMC1lY2FhLTExZTYtOGY4OC0zNDM2M2JjN2M0YzAiOnsiY3JlYXRlIjoxODAwMDAwMDAwMDAwLCJkZWxldGUiOjE4MDAwMDAwMDAwMDAsInJlYWQiOjMwMDAwMDAwMDAwMCwidXBkYXRlIjoxODAwMDAwMDAwMDAwfX0=",
          "dependencies": [
            "azurerm_resource_group.resource_group"
          ]
        }
      ]
    },
    {
      "mode": "managed",
      "type": "azurerm_resource_group",
      "name": "resource_group",
      "provider": "provider[\"registry.terraform.io/hashicorp/azurerm\"]",
      "instances": [
        {
          "schema_version": 0,
          "attributes": {
            "id": "/subscriptions/70c1f3b6-512c-47a8-98f6-51f8f26a912e/resourceGroups/ntier_rg",
            "location": "eastus",
            "name": "ntier_rg",
            "tags": {},
            "timeouts": null
          },
          "sensitive_attributes": [],
          "private": "eyJlMmJmYjczMC1lY2FhLTExZTYtOGY4OC0zNDM2M2JjN2M0YzAiOnsiY3JlYXRlIjo1NDAwMDAwMDAwMDAwLCJkZWxldGUiOjU0MDAwMDAwMDAwMDAsInJlYWQiOjMwMDAwMDAwMDAwMCwidXBkYXRlIjo1NDAwMDAwMDAwMDAwfX0="
        }
      ]
    },
    {
      "mode": "managed",
      "type": "azurerm_subnet",
      "name": "subnets",
      "provider": "provider[\"registry.terraform.io/hashicorp/azurerm\"]",
      "instances": [
        {
          "index_key": 0,
          "schema_version": 0,
          "attributes": {
            "address_prefixes": [
              "192.168.0.0/24"
            ],
            "delegation": [],
            "enforce_private_link_endpoint_network_policies": false,
            "enforce_private_link_service_network_policies": false,
            "id": "/subscriptions/70c1f3b6-512c-47a8-98f6-51f8f26a912e/resourceGroups/ntier_rg/providers/Microsoft.Network/virtualNetworks/ntier_vnet/subnets/app",
            "name": "app",
            "private_endpoint_network_policies_enabled": true,
            "private_link_service_network_policies_enabled": true,
            "resource_group_name": "ntier_rg",
            "service_endpoint_policy_ids": [],
            "service_endpoints": [],
            "timeouts": null,
            "virtual_network_name": "ntier_vnet"
          },
          "sensitive_attributes": [],
          "private": "eyJlMmJmYjczMC1lY2FhLTExZTYtOGY4OC0zNDM2M2JjN2M0YzAiOnsiY3JlYXRlIjoxODAwMDAwMDAwMDAwLCJkZWxldGUiOjE4MDAwMDAwMDAwMDAsInJlYWQiOjMwMDAwMDAwMDAwMCwidXBkYXRlIjoxODAwMDAwMDAwMDAwfX0=",
          "dependencies": [
            "azurerm_resource_group.resource_group",
            "azurerm_virtual_network.vnet"
          ]
        },
        {
          "index_key": 1,
          "schema_version": 0,
          "attributes": {
            "address_prefixes": [
              "192.168.1.0/24"
            ],
            "delegation": [],
            "enforce_private_link_endpoint_network_policies": false,
            "enforce_private_link_service_network_policies": false,
            "id": "/subscriptions/70c1f3b6-512c-47a8-98f6-51f8f26a912e/resourceGroups/ntier_rg/providers/Microsoft.Network/virtualNetworks/ntier_vnet/subnets/web",
            "name": "web",
            "private_endpoint_network_policies_enabled": true,
            "private_link_service_network_policies_enabled": true,
            "resource_group_name": "ntier_rg",
            "service_endpoint_policy_ids": [],
            "service_endpoints": [],
            "timeouts": null,
            "virtual_network_name": "ntier_vnet"
          },
          "sensitive_attributes": [],
          "private": "eyJlMmJmYjczMC1lY2FhLTExZTYtOGY4OC0zNDM2M2JjN2M0YzAiOnsiY3JlYXRlIjoxODAwMDAwMDAwMDAwLCJkZWxldGUiOjE4MDAwMDAwMDAwMDAsInJlYWQiOjMwMDAwMDAwMDAwMCwidXBkYXRlIjoxODAwMDAwMDAwMDAwfX0=",
          "dependencies": [
            "azurerm_resource_group.resource_group",
            "azurerm_virtual_network.vnet"
          ]
        }
      ]
    },
    {
      "mode": "managed",
      "type": "azurerm_virtual_network",
      "name": "vnet",
      "provider": "provider[\"registry.terraform.io/hashicorp/azurerm\"]",
      "instances": [
        {
          "schema_version": 0,
          "attributes": {
            "address_space": [
              "192.168.0.0/16"
            ],
            "bgp_community": "",
            "ddos_protection_plan": [],
            "dns_servers": [],
            "edge_zone": "",
            "flow_timeout_in_minutes": 0,
            "guid": "9104f44e-4aa3-4cf7-ad06-23c7884552af",
            "id": "/subscriptions/70c1f3b6-512c-47a8-98f6-51f8f26a912e/resourceGroups/ntier_rg/providers/Microsoft.Network/virtualNetworks/ntier_vnet",
            "location": "eastus",
            "name": "ntier_vnet",
            "resource_group_name": "ntier_rg",
            "subnet": [
              {
                "address_prefix": "192.168.0.0/24",
                "id": "/subscriptions/70c1f3b6-512c-47a8-98f6-51f8f26a912e/resourceGroups/ntier_rg/providers/Microsoft.Network/virtualNetworks/ntier_vnet/subnets/app",
                "name": "app",
                "security_group": ""
              },
              {
                "address_prefix": "192.168.1.0/24",
                "id": "/subscriptions/70c1f3b6-512c-47a8-98f6-51f8f26a912e/resourceGroups/ntier_rg/providers/Microsoft.Network/virtualNetworks/ntier_vnet/subnets/web",
                "name": "web",
                "security_group": ""
              }
            ],
            "tags": {
              "Env": "Dev"
            },
            "timeouts": null
          },
          "sensitive_attributes": [],
          "private": "eyJlMmJmYjczMC1lY2FhLTExZTYtOGY4OC0zNDM2M2JjN2M0YzAiOnsiY3JlYXRlIjoxODAwMDAwMDAwMDAwLCJkZWxldGUiOjE4MDAwMDAwMDAwMDAsInJlYWQiOjMwMDAwMDAwMDAwMCwidXBkYXRlIjoxODAwMDAwMDAwMDAwfX0=",
          "dependencies": [
            "azurerm_resource_group.resource_group"
          ]
        }
      ]
    }
  ],
  "check_results": null
}
