{
  "version": 4,
  "terraform_version": "1.3.9",
  "serial": 35,
  "lineage": "0bd6c919-e8e6-401c-5cf3-988de9d3e580",
  "outputs": {},
  "resources": [
    {
      "mode": "managed",
      "type": "azurerm_resource_group",
      "name": "resource_group",
      "provider": "provider[\"registry.terraform.io/hashicorp/azurerm\"]",
      "instances": [
        {
          "schema_version": 0,
          "attributes": {
            "id": "/subscriptions/70c1f3b6-512c-47a8-98f6-51f8f26a912e/resourceGroups/ntier_rg",
            "location": "eastus",
            "name": "ntier_rg",
            "tags": {},
            "timeouts": null
          },
          "sensitive_attributes": [],
          "private": "eyJlMmJmYjczMC1lY2FhLTExZTYtOGY4OC0zNDM2M2JjN2M0YzAiOnsiY3JlYXRlIjo1NDAwMDAwMDAwMDAwLCJkZWxldGUiOjU0MDAwMDAwMDAwMDAsInJlYWQiOjMwMDAwMDAwMDAwMCwidXBkYXRlIjo1NDAwMDAwMDAwMDAwfX0="
        }
      ]
    },
    {
      "mode": "managed",
      "type": "azurerm_subnet",
      "name": "subnet1",
      "provider": "provider[\"registry.terraform.io/hashicorp/azurerm\"]",
      "instances": [
        {
          "index_key": 0,
          "schema_version": 0,
          "attributes": {
            "address_prefixes": [
              "192.168.0.0/24"
            ],
            "delegation": [],
            "enforce_private_link_endpoint_network_policies": false,
            "enforce_private_link_service_network_policies": false,
            "id": "/subscriptions/70c1f3b6-512c-47a8-98f6-51f8f26a912e/resourceGroups/ntier_rg/providers/Microsoft.Network/virtualNetworks/ntier_vnet/subnets/app",
            "name": "app",
            "private_endpoint_network_policies_enabled": true,
            "private_link_service_network_policies_enabled": true,
            "resource_group_name": "ntier_rg",
            "service_endpoint_policy_ids": [],
            "service_endpoints": [],
            "timeouts": null,
            "virtual_network_name": "ntier_vnet"
          },
          "sensitive_attributes": [],
          "private": "eyJlMmJmYjczMC1lY2FhLTExZTYtOGY4OC0zNDM2M2JjN2M0YzAiOnsiY3JlYXRlIjoxODAwMDAwMDAwMDAwLCJkZWxldGUiOjE4MDAwMDAwMDAwMDAsInJlYWQiOjMwMDAwMDAwMDAwMCwidXBkYXRlIjoxODAwMDAwMDAwMDAwfX0=",
          "dependencies": [
            "azurerm_resource_group.resource_group",
            "azurerm_virtual_network.vnet"
          ]
        }
      ]
    },
    {
      "mode": "managed",
      "type": "azurerm_virtual_network",
      "name": "vnet",
      "provider": "provider[\"registry.terraform.io/hashicorp/azurerm\"]",
      "instances": [
        {
          "schema_version": 0,
          "attributes": {
            "address_space": [
              "192.168.0.0/16"
            ],
            "bgp_community": "",
            "ddos_protection_plan": [],
            "dns_servers": [],
            "edge_zone": "",
            "flow_timeout_in_minutes": 0,
            "guid": "f0365d4a-3e17-4357-ad08-6c179b099dd2",
            "id": "/subscriptions/70c1f3b6-512c-47a8-98f6-51f8f26a912e/resourceGroups/ntier_rg/providers/Microsoft.Network/virtualNetworks/ntier_vnet",
            "location": "eastus",
            "name": "ntier_vnet",
            "resource_group_name": "ntier_rg",
            "subnet": [
              {
                "address_prefix": "192.168.0.0/24",
                "id": "/subscriptions/70c1f3b6-512c-47a8-98f6-51f8f26a912e/resourceGroups/ntier_rg/providers/Microsoft.Network/virtualNetworks/ntier_vnet/subnets/app",
                "name": "app",
                "security_group": ""
              },
              {
                "address_prefix": "192.168.1.0/24",
                "id": "/subscriptions/70c1f3b6-512c-47a8-98f6-51f8f26a912e/resourceGroups/ntier_rg/providers/Microsoft.Network/virtualNetworks/ntier_vnet/subnets/web",
                "name": "web",
                "security_group": ""
              }
            ],
            "tags": {
              "Env": "Dev"
            },
            "timeouts": null
          },
          "sensitive_attributes": [],
          "private": "eyJlMmJmYjczMC1lY2FhLTExZTYtOGY4OC0zNDM2M2JjN2M0YzAiOnsiY3JlYXRlIjoxODAwMDAwMDAwMDAwLCJkZWxldGUiOjE4MDAwMDAwMDAwMDAsInJlYWQiOjMwMDAwMDAwMDAwMCwidXBkYXRlIjoxODAwMDAwMDAwMDAwfX0=",
          "dependencies": [
            "azurerm_resource_group.resource_group"
          ]
        }
      ]
    }
  ],
  "check_results": null
}
